
Microsoft Visual Studio Solution File, Format Version 12.00
# Visual Studio Version 16
VisualStudioVersion = 16.0.31005.135
MinimumVisualStudioVersion = 10.0.40219.1
Project("{FAE04EC0-301F-11D3-BF4B-00C04F79EFBC}") = "MatchGame", "MatchGame\MatchGame.csproj", "{AAED8179-30DB-4988-8F48-261A6A152A6B}"
EndProject
Global
	GlobalSection(SolutionConfigurationPlatforms) = preSolution
		Debug|Any CPU = Debug|Any CPU
		Release|Any CPU = Release|Any CPU
	EndGlobalSection
	GlobalSection(ProjectConfigurationPlatforms) = postSolution
		{AAED8179-30DB-4988-8F48-261A6A152A6B}.Debug|Any CPU.ActiveCfg = Debug|Any CPU
		{AAED8179-30DB-4988-8F48-261A6A152A6B}.Debug|Any CPU.Build.0 = Debug|Any CPU
		{AAED8179-30DB-4988-8F48-261A6A152A6B}.Release|Any CPU.ActiveCfg = Release|Any CPU
		{AAED8179-30DB-4988-8F48-261A6A152A6B}.Release|Any CPU.Build.0 = Release|Any CPU
	EndGlobalSection
	GlobalSection(SolutionProperties) = preSolution
		HideSolutionNode = FALSE
	EndGlobalSection
	GlobalSection(ExtensibilityGlobals) = postSolution
		SolutionGuid = {3DBA6AE1-6598-4353-A867-BFE390144DB8}
	EndGlobalSection
EndGlobal
